{
  "python": "python:3.12-slim-bookworm@sha256:782412e85d0f0984994c290652577d4018aff08145c85b262bb63dc0c7522254",
  "postgres": "postgres:16-bookworm@sha256:bb3e1a57e5407e0a5280b4211980a5e537f4abd234a87014ac979849a78dd825",
  "redis": "redis:7-bookworm@sha256:71da9275c5f3fcb97d0fa0c8c5b36cc995327265420f17a04bfd544f458059f7",
  "nginx": "nginx:stable-bookworm@sha256:552e7481ca93ffccd046aa658dbbed22caefbc09c66fa7cd247cbb90b8a5c609"
}